PODS:
  - FBAEMKit (12.1.0):
    - FBSDKCoreKit_Basics (= 12.1.0)
  - FBSDKCoreKit (12.1.0):
    - FBAEMKit (= 12.1.0)
    - FBSDKCoreKit_Basics (= 12.1.0)
  - FBSDKCoreKit_Basics (12.1.0)
  - FBSDKLoginKit (12.1.0):
    - FBSDKCoreKit (= 12.1.0)
  - R.swift (5.4.0):
    - R.swift.Library (~> 5.3.0)
  - R.swift.Library (5.3.0)
  - SpreadsheetView (0.9.1)

DEPENDENCIES:
  - FBSDKLoginKit
  - R.swift
  - SpreadsheetView

SPEC REPOS:
  trunk:
    - FBAEMKit
    - FBSDKCoreKit
    - FBSDKCoreKit_Basics
    - FBSDKLoginKit
    - R.swift
    - R.swift.Library
    - SpreadsheetView

SPEC CHECKSUMS:
  FBAEMKit: 56c0bb9b42e3747cd82b67934f0c2b19325382ea
  FBSDKCoreKit: 75368765d9c2303073145a7925dfaa9d60bcd77b
  FBSDKCoreKit_Basics: 39865aff97e5f6951a78fb3e89dc4460e35e1895
  FBSDKLoginKit: e993f97c7cc794c5da4056d8aec3c3d66033a727
  R.swift: c533450b0f7dc494e0993f5f1a1db925d84c3006
  R.swift.Library: 0fc583cb55a99e28901299cc451614cad1161962
  SpreadsheetView: 688dbd19f2b355df0eb09e486266fd913a013449

PODFILE CHECKSUM: e04b47ca78105a3df6136aeee0d227ee785449dc

COCOAPODS: 1.11.2
